
Microsoft Visual Studio Solution File, Format Version 12.00
# Visual Studio Version 16
VisualStudioVersion = 16.0.31313.79
MinimumVisualStudioVersion = 10.0.40219.1
Project("{8BC9CEB8-8B4A-11D0-8D11-00A0C91BC942}") = "Library", "Library\Library.vcxproj", "{E1C19B16-B811-422A-8899-EE93855B5595}"
EndProject
Project("{8BC9CEB8-8B4A-11D0-8D11-00A0C91BC942}") = "Test", "Test\Test.vcxproj", "{223C24D3-DE87-464B-9FBF-3C4E7A435CD7}"
EndProject
Global
	GlobalSection(SolutionConfigurationPlatforms) = preSolution
		Debug|x64 = Debug|x64
		Debug|x86 = Debug|x86
		Release|x64 = Release|x64
		Release|x86 = Release|x86
	EndGlobalSection
	GlobalSection(ProjectConfigurationPlatforms) = postSolution
		{E1C19B16-B811-422A-8899-EE93855B5595}.Debug|x64.ActiveCfg = Debug|x64
		{E1C19B16-B811-422A-8899-EE93855B5595}.Debug|x64.Build.0 = Debug|x64
		{E1C19B16-B811-422A-8899-EE93855B5595}.Debug|x86.ActiveCfg = Debug|Win32
		{E1C19B16-B811-422A-8899-EE93855B5595}.Debug|x86.Build.0 = Debug|Win32
		{E1C19B16-B811-422A-8899-EE93855B5595}.Release|x64.ActiveCfg = Release|x64
		{E1C19B16-B811-422A-8899-EE93855B5595}.Release|x64.Build.0 = Release|x64
		{E1C19B16-B811-422A-8899-EE93855B5595}.Release|x86.ActiveCfg = Release|Win32
		{E1C19B16-B811-422A-8899-EE93855B5595}.Release|x86.Build.0 = Release|Win32
		{223C24D3-DE87-464B-9FBF-3C4E7A435CD7}.Debug|x64.ActiveCfg = Debug|x64
		{223C24D3-DE87-464B-9FBF-3C4E7A435CD7}.Debug|x64.Build.0 = Debug|x64
		{223C24D3-DE87-464B-9FBF-3C4E7A435CD7}.Debug|x86.ActiveCfg = Debug|Win32
		{223C24D3-DE87-464B-9FBF-3C4E7A435CD7}.Debug|x86.Build.0 = Debug|Win32
		{223C24D3-DE87-464B-9FBF-3C4E7A435CD7}.Release|x64.ActiveCfg = Release|x64
		{223C24D3-DE87-464B-9FBF-3C4E7A435CD7}.Release|x64.Build.0 = Release|x64
		{223C24D3-DE87-464B-9FBF-3C4E7A435CD7}.Release|x86.ActiveCfg = Release|Win32
		{223C24D3-DE87-464B-9FBF-3C4E7A435CD7}.Release|x86.Build.0 = Release|Win32
	EndGlobalSection
	GlobalSection(SolutionProperties) = preSolution
		HideSolutionNode = FALSE
	EndGlobalSection
	GlobalSection(ExtensibilityGlobals) = postSolution
		SolutionGuid = {D6D5689F-8D81-4172-8905-9C7C32DF7310}
	EndGlobalSection
EndGlobal
